
Microsoft Visual Studio Solution File, Format Version 12.00
# Visual Studio 15
VisualStudioVersion = 15.0.27703.2035
MinimumVisualStudioVersion = 10.0.40219.1
Project("{9A19103F-16F7-4668-BE54-9A1E7A4F7556}") = "WebApi-Core", "WebApi-Core\WebApi-Core.csproj", "{C30CC4FC-76A6-4332-8C14-AE6A1DAAA0E3}"
EndProject
Project("{FAE04EC0-301F-11D3-BF4B-00C04F79EFBC}") = "WebApi_Core.Test", "WebApi_Core.Test\WebApi_Core.Test.csproj", "{BD75991A-B9ED-4D07-A32E-44B522D0D3F8}"
EndProject
Global
	GlobalSection(SolutionConfigurationPlatforms) = preSolution
		Debug|Any CPU = Debug|Any CPU
		Release|Any CPU = Release|Any CPU
	EndGlobalSection
	GlobalSection(ProjectConfigurationPlatforms) = postSolution
		{C30CC4FC-76A6-4332-8C14-AE6A1DAAA0E3}.Debug|Any CPU.ActiveCfg = Debug|Any CPU
		{C30CC4FC-76A6-4332-8C14-AE6A1DAAA0E3}.Debug|Any CPU.Build.0 = Debug|Any CPU
		{C30CC4FC-76A6-4332-8C14-AE6A1DAAA0E3}.Release|Any CPU.ActiveCfg = Release|Any CPU
		{C30CC4FC-76A6-4332-8C14-AE6A1DAAA0E3}.Release|Any CPU.Build.0 = Release|Any CPU
		{BD75991A-B9ED-4D07-A32E-44B522D0D3F8}.Debug|Any CPU.ActiveCfg = Debug|Any CPU
		{BD75991A-B9ED-4D07-A32E-44B522D0D3F8}.Debug|Any CPU.Build.0 = Debug|Any CPU
		{BD75991A-B9ED-4D07-A32E-44B522D0D3F8}.Release|Any CPU.ActiveCfg = Release|Any CPU
		{BD75991A-B9ED-4D07-A32E-44B522D0D3F8}.Release|Any CPU.Build.0 = Release|Any CPU
	EndGlobalSection
	GlobalSection(SolutionProperties) = preSolution
		HideSolutionNode = FALSE
	EndGlobalSection
	GlobalSection(ExtensibilityGlobals) = postSolution
		SolutionGuid = {67674B7B-900E-46AA-ACD0-A39B5B608840}
	EndGlobalSection
EndGlobal
